
Microsoft Visual Studio Solution File, Format Version 11.00
# Visual Studio 2010
Project("{FAE04EC0-301F-11D3-BF4B-00C04F79EFBC}") = "UnityEngine.UI", "UnityEngine.UI.csproj", "{15bdb743-0e0c-ee9e-1ac5-3100774beeac}"
EndProject
Project("{FAE04EC0-301F-11D3-BF4B-00C04F79EFBC}") = "UnityEngine.TestRunner", "UnityEngine.TestRunner.csproj", "{497b897d-b861-ab36-5baa-ae7e67e89fb9}"
EndProject
Project("{FAE04EC0-301F-11D3-BF4B-00C04F79EFBC}") = "Unity.VisualScripting.Flow", "Unity.VisualScripting.Flow.csproj", "{832ab201-eeb1-8388-aabb-0f53807b8275}"
EndProject
Project("{FAE04EC0-301F-11D3-BF4B-00C04F79EFBC}") = "Unity.VisualScripting.State", "Unity.VisualScripting.State.csproj", "{2e539b27-29f9-538d-455b-78a4ca38793a}"
EndProject
Project("{FAE04EC0-301F-11D3-BF4B-00C04F79EFBC}") = "Unity.VisualScripting.Core", "Unity.VisualScripting.Core.csproj", "{da191240-d6ca-17a0-e22f-d135d5851e2f}"
EndProject
Project("{FAE04EC0-301F-11D3-BF4B-00C04F79EFBC}") = "Unity.TextMeshPro", "Unity.TextMeshPro.csproj", "{5c736cfc-7f17-aead-77ca-8e8bb2110ab8}"
EndProject
Project("{FAE04EC0-301F-11D3-BF4B-00C04F79EFBC}") = "Unity.Timeline", "Unity.Timeline.csproj", "{528ad29e-0ec8-78d9-65e3-8a66db2f5932}"
EndProject
Project("{FAE04EC0-301F-11D3-BF4B-00C04F79EFBC}") = "Assembly-CSharp", "Assembly-CSharp.csproj", "{fae337a6-aff1-01a8-c8aa-4c57186fff5d}"
EndProject
Project("{FAE04EC0-301F-11D3-BF4B-00C04F79EFBC}") = "VuforiaScripts", "VuforiaScripts.csproj", "{e843645b-1302-81d6-7144-e2ed3725d970}"
EndProject
Project("{FAE04EC0-301F-11D3-BF4B-00C04F79EFBC}") = "Unity.PlasticSCM.Editor", "Unity.PlasticSCM.Editor.csproj", "{86b40f5e-b380-f6a4-eb51-ab2ce6039aa5}"
EndProject
Project("{FAE04EC0-301F-11D3-BF4B-00C04F79EFBC}") = "Unity.VisualScripting.Core.Editor", "Unity.VisualScripting.Core.Editor.csproj", "{463bfbf8-e674-97c8-7e03-3f30719b2a9a}"
EndProject
Project("{FAE04EC0-301F-11D3-BF4B-00C04F79EFBC}") = "Unity.VisualScripting.Flow.Editor", "Unity.VisualScripting.Flow.Editor.csproj", "{395bbab7-695b-8bfa-eeca-15edc28f673d}"
EndProject
Project("{FAE04EC0-301F-11D3-BF4B-00C04F79EFBC}") = "Unity.VisualStudio.Editor", "Unity.VisualStudio.Editor.csproj", "{900beb0c-7727-6c15-9d93-6da338d6a766}"
EndProject
Project("{FAE04EC0-301F-11D3-BF4B-00C04F79EFBC}") = "Unity.Timeline.Editor", "Unity.Timeline.Editor.csproj", "{aa52333d-a798-3391-d09c-3bafd10c1a1c}"
EndProject
Project("{FAE04EC0-301F-11D3-BF4B-00C04F79EFBC}") = "Unity.VisualScripting.State.Editor", "Unity.VisualScripting.State.Editor.csproj", "{a0bc0db6-8ffe-724a-8312-9df0fb4de0fa}"
EndProject
Project("{FAE04EC0-301F-11D3-BF4B-00C04F79EFBC}") = "Unity.TextMeshPro.Editor", "Unity.TextMeshPro.Editor.csproj", "{e746ac91-0e60-0877-a744-c85b0a9f04a3}"
EndProject
Project("{FAE04EC0-301F-11D3-BF4B-00C04F79EFBC}") = "Unity.VisualScripting.SettingsProvider.Editor", "Unity.VisualScripting.SettingsProvider.Editor.csproj", "{e3dbbebf-67d4-6164-295a-84af91d1dd09}"
EndProject
Project("{FAE04EC0-301F-11D3-BF4B-00C04F79EFBC}") = "UnityEditor.TestRunner", "UnityEditor.TestRunner.csproj", "{1bf36ca0-6954-e0a8-c31a-cbecfb6cd7a4}"
EndProject
Project("{FAE04EC0-301F-11D3-BF4B-00C04F79EFBC}") = "Unity.Rider.Editor", "Unity.Rider.Editor.csproj", "{a13743ce-4a73-f1d7-ab9d-72bdb638e683}"
EndProject
Project("{FAE04EC0-301F-11D3-BF4B-00C04F79EFBC}") = "Unity.VSCode.Editor", "Unity.VSCode.Editor.csproj", "{835c6fdd-3c26-5432-2ade-7d4cfa6e6594}"
EndProject
Project("{FAE04EC0-301F-11D3-BF4B-00C04F79EFBC}") = "UnityEditor.UI", "UnityEditor.UI.csproj", "{65dfdccd-22da-0121-3ce4-d2eab747bb5b}"
EndProject
Project("{FAE04EC0-301F-11D3-BF4B-00C04F79EFBC}") = "Unity.CollabProxy.Editor", "Unity.CollabProxy.Editor.csproj", "{51ed24a4-1b78-1590-1bb5-a346187921f6}"
EndProject
Project("{FAE04EC0-301F-11D3-BF4B-00C04F79EFBC}") = "Unity.VisualScripting.Shared.Editor", "Unity.VisualScripting.Shared.Editor.csproj", "{2c339ef4-149d-7199-f1ff-6693337e9f4c}"
EndProject
Project("{FAE04EC0-301F-11D3-BF4B-00C04F79EFBC}") = "VuforiaEditorScripts", "VuforiaEditorScripts.csproj", "{3ec16149-8a2b-5407-1a78-6e911242a3b0}"
EndProject
Project("{FAE04EC0-301F-11D3-BF4B-00C04F79EFBC}") = "Assembly-CSharp-Editor", "Assembly-CSharp-Editor.csproj", "{2c94d6d6-bf30-a126-69df-b0e0de715a24}"
EndProject
Global
	GlobalSection(SolutionConfigurationPlatforms) = preSolution
		Debug|Any CPU = Debug|Any CPU
	EndGlobalSection
	GlobalSection(ProjectConfigurationPlatforms) = postSolution
		{15bdb743-0e0c-ee9e-1ac5-3100774beeac}.Debug|Any CPU.ActiveCfg = Debug|Any CPU
		{15bdb743-0e0c-ee9e-1ac5-3100774beeac}.Debug|Any CPU.Build.0 = Debug|Any CPU
		{497b897d-b861-ab36-5baa-ae7e67e89fb9}.Debug|Any CPU.ActiveCfg = Debug|Any CPU
		{497b897d-b861-ab36-5baa-ae7e67e89fb9}.Debug|Any CPU.Build.0 = Debug|Any CPU
		{832ab201-eeb1-8388-aabb-0f53807b8275}.Debug|Any CPU.ActiveCfg = Debug|Any CPU
		{832ab201-eeb1-8388-aabb-0f53807b8275}.Debug|Any CPU.Build.0 = Debug|Any CPU
		{2e539b27-29f9-538d-455b-78a4ca38793a}.Debug|Any CPU.ActiveCfg = Debug|Any CPU
		{2e539b27-29f9-538d-455b-78a4ca38793a}.Debug|Any CPU.Build.0 = Debug|Any CPU
		{da191240-d6ca-17a0-e22f-d135d5851e2f}.Debug|Any CPU.ActiveCfg = Debug|Any CPU
		{da191240-d6ca-17a0-e22f-d135d5851e2f}.Debug|Any CPU.Build.0 = Debug|Any CPU
		{5c736cfc-7f17-aead-77ca-8e8bb2110ab8}.Debug|Any CPU.ActiveCfg = Debug|Any CPU
		{5c736cfc-7f17-aead-77ca-8e8bb2110ab8}.Debug|Any CPU.Build.0 = Debug|Any CPU
		{528ad29e-0ec8-78d9-65e3-8a66db2f5932}.Debug|Any CPU.ActiveCfg = Debug|Any CPU
		{528ad29e-0ec8-78d9-65e3-8a66db2f5932}.Debug|Any CPU.Build.0 = Debug|Any CPU
		{fae337a6-aff1-01a8-c8aa-4c57186fff5d}.Debug|Any CPU.ActiveCfg = Debug|Any CPU
		{fae337a6-aff1-01a8-c8aa-4c57186fff5d}.Debug|Any CPU.Build.0 = Debug|Any CPU
		{e843645b-1302-81d6-7144-e2ed3725d970}.Debug|Any CPU.ActiveCfg = Debug|Any CPU
		{e843645b-1302-81d6-7144-e2ed3725d970}.Debug|Any CPU.Build.0 = Debug|Any CPU
		{86b40f5e-b380-f6a4-eb51-ab2ce6039aa5}.Debug|Any CPU.ActiveCfg = Debug|Any CPU
		{86b40f5e-b380-f6a4-eb51-ab2ce6039aa5}.Debug|Any CPU.Build.0 = Debug|Any CPU
		{463bfbf8-e674-97c8-7e03-3f30719b2a9a}.Debug|Any CPU.ActiveCfg = Debug|Any CPU
		{463bfbf8-e674-97c8-7e03-3f30719b2a9a}.Debug|Any CPU.Build.0 = Debug|Any CPU
		{395bbab7-695b-8bfa-eeca-15edc28f673d}.Debug|Any CPU.ActiveCfg = Debug|Any CPU
		{395bbab7-695b-8bfa-eeca-15edc28f673d}.Debug|Any CPU.Build.0 = Debug|Any CPU
		{900beb0c-7727-6c15-9d93-6da338d6a766}.Debug|Any CPU.ActiveCfg = Debug|Any CPU
		{900beb0c-7727-6c15-9d93-6da338d6a766}.Debug|Any CPU.Build.0 = Debug|Any CPU
		{aa52333d-a798-3391-d09c-3bafd10c1a1c}.Debug|Any CPU.ActiveCfg = Debug|Any CPU
		{aa52333d-a798-3391-d09c-3bafd10c1a1c}.Debug|Any CPU.Build.0 = Debug|Any CPU
		{a0bc0db6-8ffe-724a-8312-9df0fb4de0fa}.Debug|Any CPU.ActiveCfg = Debug|Any CPU
		{a0bc0db6-8ffe-724a-8312-9df0fb4de0fa}.Debug|Any CPU.Build.0 = Debug|Any CPU
		{e746ac91-0e60-0877-a744-c85b0a9f04a3}.Debug|Any CPU.ActiveCfg = Debug|Any CPU
		{e746ac91-0e60-0877-a744-c85b0a9f04a3}.Debug|Any CPU.Build.0 = Debug|Any CPU
		{e3dbbebf-67d4-6164-295a-84af91d1dd09}.Debug|Any CPU.ActiveCfg = Debug|Any CPU
		{e3dbbebf-67d4-6164-295a-84af91d1dd09}.Debug|Any CPU.Build.0 = Debug|Any CPU
		{1bf36ca0-6954-e0a8-c31a-cbecfb6cd7a4}.Debug|Any CPU.ActiveCfg = Debug|Any CPU
		{1bf36ca0-6954-e0a8-c31a-cbecfb6cd7a4}.Debug|Any CPU.Build.0 = Debug|Any CPU
		{a13743ce-4a73-f1d7-ab9d-72bdb638e683}.Debug|Any CPU.ActiveCfg = Debug|Any CPU
		{a13743ce-4a73-f1d7-ab9d-72bdb638e683}.Debug|Any CPU.Build.0 = Debug|Any CPU
		{835c6fdd-3c26-5432-2ade-7d4cfa6e6594}.Debug|Any CPU.ActiveCfg = Debug|Any CPU
		{835c6fdd-3c26-5432-2ade-7d4cfa6e6594}.Debug|Any CPU.Build.0 = Debug|Any CPU
		{65dfdccd-22da-0121-3ce4-d2eab747bb5b}.Debug|Any CPU.ActiveCfg = Debug|Any CPU
		{65dfdccd-22da-0121-3ce4-d2eab747bb5b}.Debug|Any CPU.Build.0 = Debug|Any CPU
		{51ed24a4-1b78-1590-1bb5-a346187921f6}.Debug|Any CPU.ActiveCfg = Debug|Any CPU
		{51ed24a4-1b78-1590-1bb5-a346187921f6}.Debug|Any CPU.Build.0 = Debug|Any CPU
		{2c339ef4-149d-7199-f1ff-6693337e9f4c}.Debug|Any CPU.ActiveCfg = Debug|Any CPU
		{2c339ef4-149d-7199-f1ff-6693337e9f4c}.Debug|Any CPU.Build.0 = Debug|Any CPU
		{3ec16149-8a2b-5407-1a78-6e911242a3b0}.Debug|Any CPU.ActiveCfg = Debug|Any CPU
		{3ec16149-8a2b-5407-1a78-6e911242a3b0}.Debug|Any CPU.Build.0 = Debug|Any CPU
		{2c94d6d6-bf30-a126-69df-b0e0de715a24}.Debug|Any CPU.ActiveCfg = Debug|Any CPU
		{2c94d6d6-bf30-a126-69df-b0e0de715a24}.Debug|Any CPU.Build.0 = Debug|Any CPU
	EndGlobalSection
	GlobalSection(SolutionProperties) = preSolution
		HideSolutionNode = FALSE
	EndGlobalSection
EndGlobal
